
Microsoft Visual Studio Solution File, Format Version 12.00
# Visual Studio 2012
Project("{FAE04EC0-301F-11D3-BF4B-00C04F79EFBC}") = "AppData Custom Page", "AppData Custom Page\AppData Custom Page.csproj", "{2AA66D53-77B9-4EFB-91AB-8D22A306F32D}"
EndProject
Global
	GlobalSection(SolutionConfigurationPlatforms) = preSolution
		Debug|Any CPU = Debug|Any CPU
		Release|Any CPU = Release|Any CPU
	EndGlobalSection
	GlobalSection(ProjectConfigurationPlatforms) = postSolution
		{2AA66D53-77B9-4EFB-91AB-8D22A306F32D}.Debug|Any CPU.ActiveCfg = Debug|Any CPU
		{2AA66D53-77B9-4EFB-91AB-8D22A306F32D}.Debug|Any CPU.Build.0 = Debug|Any CPU
		{2AA66D53-77B9-4EFB-91AB-8D22A306F32D}.Release|Any CPU.ActiveCfg = Release|Any CPU
		{2AA66D53-77B9-4EFB-91AB-8D22A306F32D}.Release|Any CPU.Build.0 = Release|Any CPU
	EndGlobalSection
	GlobalSection(SolutionProperties) = preSolution
		HideSolutionNode = FALSE
	EndGlobalSection
EndGlobal
