
Microsoft Visual Studio Solution File, Format Version 12.00
# Visual Studio 2012
Project("{FAE04EC0-301F-11D3-BF4B-00C04F79EFBC}") = "Child Publications Only Resolver", "Child Publications Only Resolver\Child Publications Only Resolver.csproj", "{45E3242A-2D9E-4541-AE31-4404D4A77825}"
EndProject
Global
	GlobalSection(SolutionConfigurationPlatforms) = preSolution
		Debug|Any CPU = Debug|Any CPU
		Release|Any CPU = Release|Any CPU
	EndGlobalSection
	GlobalSection(ProjectConfigurationPlatforms) = postSolution
		{45E3242A-2D9E-4541-AE31-4404D4A77825}.Debug|Any CPU.ActiveCfg = Debug|Any CPU
		{45E3242A-2D9E-4541-AE31-4404D4A77825}.Debug|Any CPU.Build.0 = Debug|Any CPU
		{45E3242A-2D9E-4541-AE31-4404D4A77825}.Release|Any CPU.ActiveCfg = Release|Any CPU
		{45E3242A-2D9E-4541-AE31-4404D4A77825}.Release|Any CPU.Build.0 = Release|Any CPU
	EndGlobalSection
	GlobalSection(SolutionProperties) = preSolution
		HideSolutionNode = FALSE
	EndGlobalSection
EndGlobal
