
Microsoft Visual Studio Solution File, Format Version 12.00
# Visual Studio 2012
Project("{FAE04EC0-301F-11D3-BF4B-00C04F79EFBC}") = "Example Event System", "Example Event System\Example Event System.csproj", "{4A7C1B95-D8E2-44D4-9CE6-9A601CFC57A9}"
EndProject
Global
	GlobalSection(TeamFoundationVersionControl) = preSolution
		SccNumberOfProjects = 2
		SccEnterpriseProvider = {4CA58AB2-18FA-4F8D-95D4-32DDF27D184C}
		SccTeamFoundationServer = http://bnltfs2012.global.sdl.corp:8080/tfs/sdltridion
		SccLocalPath0 = .
		SccProjectUniqueName1 = Example\u0020Event\u0020System\\Example\u0020Event\u0020System.csproj
		SccProjectName1 = Example\u0020Event\u0020System
		SccLocalPath1 = Example\u0020Event\u0020System
	EndGlobalSection
	GlobalSection(SolutionConfigurationPlatforms) = preSolution
		Debug|Any CPU = Debug|Any CPU
		Release|Any CPU = Release|Any CPU
	EndGlobalSection
	GlobalSection(ProjectConfigurationPlatforms) = postSolution
		{4A7C1B95-D8E2-44D4-9CE6-9A601CFC57A9}.Debug|Any CPU.ActiveCfg = Debug|Any CPU
		{4A7C1B95-D8E2-44D4-9CE6-9A601CFC57A9}.Debug|Any CPU.Build.0 = Debug|Any CPU
		{4A7C1B95-D8E2-44D4-9CE6-9A601CFC57A9}.Release|Any CPU.ActiveCfg = Release|Any CPU
		{4A7C1B95-D8E2-44D4-9CE6-9A601CFC57A9}.Release|Any CPU.Build.0 = Release|Any CPU
	EndGlobalSection
	GlobalSection(SolutionProperties) = preSolution
		HideSolutionNode = FALSE
	EndGlobalSection
EndGlobal
